PODS:
  - audioplayers (0.0.1):
    - Flutter
  - Flutter (1.0.0)
  - fluwx (0.0.1):
    - Flutter
  - image_picker_saver (0.0.1):
    - Flutter
  - launch_review (0.0.1):
    - Flutter
  - path_provider (0.0.1):
    - Flutter
  - share (0.5.2):
    - Flutter
  - shared_preferences (0.0.1):
    - Flutter

DEPENDENCIES:
  - audioplayers (from `.symlinks/plugins/audioplayers/ios`)
  - Flutter (from `.symlinks/flutter/ios-release`)
  - fluwx (from `.symlinks/plugins/fluwx/ios`)
  - image_picker_saver (from `.symlinks/plugins/image_picker_saver/ios`)
  - launch_review (from `.symlinks/plugins/launch_review/ios`)
  - path_provider (from `.symlinks/plugins/path_provider/ios`)
  - share (from `.symlinks/plugins/share/ios`)
  - shared_preferences (from `.symlinks/plugins/shared_preferences/ios`)

EXTERNAL SOURCES:
  audioplayers:
    :path: ".symlinks/plugins/audioplayers/ios"
  Flutter:
    :path: ".symlinks/flutter/ios-release"
  fluwx:
    :path: ".symlinks/plugins/fluwx/ios"
  image_picker_saver:
    :path: ".symlinks/plugins/image_picker_saver/ios"
  launch_review:
    :path: ".symlinks/plugins/launch_review/ios"
  path_provider:
    :path: ".symlinks/plugins/path_provider/ios"
  share:
    :path: ".symlinks/plugins/share/ios"
  shared_preferences:
    :path: ".symlinks/plugins/shared_preferences/ios"

SPEC CHECKSUMS:
  audioplayers: def111f6a23e00d9d103563b07de5e44a727bd3c
  Flutter: 9d0fac939486c9aba2809b7982dfdbb47a7b0296
  fluwx: 9cbb1181ef8fd772f7388714ec9b5dfd3a5d0108
  image_picker_saver: c674305b2e535d97afabfdff4e036f5da73e0167
  launch_review: 98c85a4cb86d1376b14958ebe69ddbcc753ff192
  path_provider: 09407919825bfe3c2deae39453b7a5b44f467873
  share: 222b5dcc8031238af9d7de91149df65bad1aef75
  shared_preferences: 5a1d487c427ee18fcd3ea1f2a131569481834b53

PODFILE CHECKSUM: 1e5af4103afd21ca5ead147d7b81d06f494f51a2

COCOAPODS: 1.5.3
